
Microsoft Visual Studio Solution File, Format Version 12.00
# Visual Studio Version 17
VisualStudioVersion = 17.9.34701.34
MinimumVisualStudioVersion = 10.0.40219.1
Project("{FAE04EC0-301F-11D3-BF4B-00C04F79EFBC}") = "scholarstash", "scholarstash\scholarstash.csproj", "{640AAB3D-2CB8-4084-B862-01DA08E4D55F}"
EndProject
Global
	GlobalSection(SolutionConfigurationPlatforms) = preSolution
		Debug|Any CPU = Debug|Any CPU
		Release|Any CPU = Release|Any CPU
	EndGlobalSection
	GlobalSection(ProjectConfigurationPlatforms) = postSolution
		{640AAB3D-2CB8-4084-B862-01DA08E4D55F}.Debug|Any CPU.ActiveCfg = Debug|Any CPU
		{640AAB3D-2CB8-4084-B862-01DA08E4D55F}.Debug|Any CPU.Build.0 = Debug|Any CPU
		{640AAB3D-2CB8-4084-B862-01DA08E4D55F}.Debug|Any CPU.Deploy.0 = Debug|Any CPU
		{640AAB3D-2CB8-4084-B862-01DA08E4D55F}.Release|Any CPU.ActiveCfg = Release|Any CPU
		{640AAB3D-2CB8-4084-B862-01DA08E4D55F}.Release|Any CPU.Build.0 = Release|Any CPU
		{640AAB3D-2CB8-4084-B862-01DA08E4D55F}.Release|Any CPU.Deploy.0 = Release|Any CPU
	EndGlobalSection
	GlobalSection(SolutionProperties) = preSolution
		HideSolutionNode = FALSE
	EndGlobalSection
	GlobalSection(ExtensibilityGlobals) = postSolution
		SolutionGuid = {7DB1A5E6-AF7A-4E79-91AC-83393BC5D059}
	EndGlobalSection
EndGlobal
